{
    "_meta": {
        "hash": {
            "sha256": "43ddf96e7adb62c0e5a8182bc3836416ec0c1a415f5a53c718f921f765652272"
        },
        "pipfile-spec": 6,
        "requires": {
            "python_version": "3"
        },
        "sources": [
            {
                "name": "pypi",
                "url": "https://pypi.org/simple",
                "verify_ssl": true
            }
        ]
    },
    "default": {
        "click": {
            "hashes": [
                "sha256:7682dc8afb30297001674575ea00d1814d808d6a36af415a82bd481d37ba7b8e",
                "sha256:bb4d8133cb15a609f44e8213d9b391b0809795062913b383c62be0ee95b1db48"
            ],
            "markers": "python_version >= '3.7'",
            "version": "==8.1.3"
        },
        "colorama": {
            "hashes": [
                "sha256:854bf444933e37f5824ae7bfc1e98d5bce2ebe4160d46b5edf346a89358e99da",
                "sha256:e6c6b4334fc50988a639d9b98aa429a0b57da6e17b9a44f0451f930b6967b7a4"
            ],
            "markers": "platform_system == 'Windows'",
            "version": "==0.4.5"
        },
        "hanta": {
            "hashes": [
                "sha256:21db486a66bb67843900717d5d0df0d755319931d43f04b29bb61cd099813eb1",
                "sha256:2333398283602d751b7ed76f9c5263dd469c063aa299803918d51ff96eea518a"
            ],
            "index": "pypi",
            "version": "==0.2.0"
        },
        "joblib": {
            "hashes": [
                "sha256:4158fcecd13733f8be669be0683b96ebdbbd38d23559f54dca7205aea1bf1e35",
                "sha256:f21f109b3c7ff9d95f8387f752d0d9c34a02aa2f7060c2135f465da0e5160ff6"
            ],
            "markers": "python_version >= '3.6'",
            "version": "==1.1.0"
        },
        "nltk": {
            "hashes": [
                "sha256:ba3de02490308b248f9b94c8bc1ac0683e9aa2ec49ee78536d8667afb5e3eec8",
                "sha256:d6507d6460cec76d70afea4242a226a7542f85c669177b9c7f562b7cf1b05502"
            ],
            "index": "pypi",
            "version": "==3.7"
        },
        "numpy": {
            "hashes": [
                "sha256:17e5226674f6ea79e14e3b91bfbc153fdf3ac13f5cc54ee7bc8fdbe820a32da0",
                "sha256:2bd879d3ca4b6f39b7770829f73278b7c5e248c91d538aab1e506c628353e47f",
                "sha256:4f41f5bf20d9a521f8cab3a34557cd77b6f205ab2116651f12959714494268b0",
                "sha256:5593f67e66dea4e237f5af998d31a43e447786b2154ba1ad833676c788f37cde",
                "sha256:5e28cd64624dc2354a349152599e55308eb6ca95a13ce6a7d5679ebff2962913",
                "sha256:633679a472934b1c20a12ed0c9a6c9eb167fbb4cb89031939bfd03dd9dbc62b8",
                "sha256:806970e69106556d1dd200e26647e9bee5e2b3f1814f9da104a943e8d548ca38",
                "sha256:806cc25d5c43e240db709875e947076b2826f47c2c340a5a2f36da5bb10c58d6",
                "sha256:8247f01c4721479e482cc2f9f7d973f3f47810cbc8c65e38fd1bbd3141cc9842",
                "sha256:8ebf7e194b89bc66b78475bd3624d92980fca4e5bb86dda08d677d786fefc414",
                "sha256:8ecb818231afe5f0f568c81f12ce50f2b828ff2b27487520d85eb44c71313b9e",
                "sha256:8f9d84a24889ebb4c641a9b99e54adb8cab50972f0166a3abc14c3b93163f074",
                "sha256:909c56c4d4341ec8315291a105169d8aae732cfb4c250fbc375a1efb7a844f8f",
                "sha256:9b83d48e464f393d46e8dd8171687394d39bc5abfe2978896b77dc2604e8635d",
                "sha256:ac987b35df8c2a2eab495ee206658117e9ce867acf3ccb376a19e83070e69418",
                "sha256:b78d00e48261fbbd04aa0d7427cf78d18401ee0abd89c7559bbf422e5b1c7d01",
                "sha256:b8b97a8a87cadcd3f94659b4ef6ec056261fa1e1c3317f4193ac231d4df70215",
                "sha256:bd5b7ccae24e3d8501ee5563e82febc1771e73bd268eef82a1e8d2b4d556ae66",
                "sha256:bdc02c0235b261925102b1bd586579b7158e9d0d07ecb61148a1799214a4afd5",
                "sha256:be6b350dfbc7f708d9d853663772a9310783ea58f6035eec649fb9c4371b5389",
                "sha256:c403c81bb8ffb1c993d0165a11493fd4bf1353d258f6997b3ee288b0a48fce77",
                "sha256:cf8c6aed12a935abf2e290860af8e77b26a042eb7f2582ff83dc7ed5f963340c",
                "sha256:d98addfd3c8728ee8b2c49126f3c44c703e2b005d4a95998e2167af176a9e722",
                "sha256:dc76bca1ca98f4b122114435f83f1fcf3c0fe48e4e6f660e07996abf2f53903c",
                "sha256:dec198619b7dbd6db58603cd256e092bcadef22a796f778bf87f8592b468441d",
                "sha256:df28dda02c9328e122661f399f7655cdcbcf22ea42daa3650a26bce08a187450",
                "sha256:e603ca1fb47b913942f3e660a15e55a9ebca906857edfea476ae5f0fe9b457d5",
                "sha256:ecfdd68d334a6b97472ed032b5b37a30d8217c097acfff15e8452c710e775524"
            ],
            "index": "pypi",
            "version": "==1.23.2"
        },
        "regex": {
            "hashes": [
                "sha256:02b6dc102123f5178796dcdb5a90f6e88895607fd1a1d115d8de1af8161ca2b4",
                "sha256:0843cc977b9cc00eb2299b624db6481d25e7f5b093f7a7c2bb727028d4a26eda",
                "sha256:085ca3dc9360c0210e0a70e5d34d66454a06077644e7679fef6358b1f053e62e",
                "sha256:0a9d5a64e974bc5f160f30f76aaf993d49eeddb405676be6bf76a5a2c131e185",
                "sha256:0de0ce11c0835e1117eacbfe8fa6fa98dc0e8e746b486735cb0fdebe46a02222",
                "sha256:1418d3506a9582b23a27373f125ea2b0da523c581e7cf678a6f036254d134faa",
                "sha256:14750172c0a616140a8f496dfef28ed24080e87d06d5838e008f959ad307a8c5",
                "sha256:1b6d2c579ffdcbb3d93f63b6a7f697364594e1c1b6856958b3e61e3ca22c140a",
                "sha256:1df31eaf147ecff3665ba861acb8f78221cd5501df072c9151dfa341dd24599f",
                "sha256:21b6f939916aa61beea56393ebc8a9999060632ac22b8193c2cb67d6fd7cb2c3",
                "sha256:2240fce3af236e4586a045c1be8bbf16c4f8831e68b7df918b72fc31a80143be",
                "sha256:242f546fc5e49bb7395624ac3b4fc168bf454e11ace9804c58c4c3a90d84e38f",
                "sha256:25bffa248b99b53a61b1f20fc7d19f711e38e9f0bc90d44c26670f8dc282ad7d",
                "sha256:2ada67e02fa3fcca9e3b90cf24c2c6bc77f0abc126209937956aea10eeba40c7",
                "sha256:2c198921afc811bc0f105c6e5150fbdebf9520c9b7d43cfc0ab156ca97f506d7",
                "sha256:370b1d7aed26e29915c3fb3e72e327f194824a76cedb60c0b9f6c6af53e89d72",
                "sha256:3aafbbf5076f2a48bcf31ceb42b410323daaa0ddb42544640592957bc906ace6",
                "sha256:3d3d769b3d485b28d6a591b46723dbacc696e6503f48a3ef52e6fc2c90edb482",
                "sha256:3d83fd6dd4263595d0e4f595d4abd54397cbed52c0147f7dd148a7b72910301e",
                "sha256:45cb798095b886e4df6ff4a1f7661eb70620ccdef127e3c3e00a1aaa22d30e53",
                "sha256:4bd9443f7ff6e6288dd4496215c5d903f851e55cbc09d5963587af0c6d565a0a",
                "sha256:4bdfd016ab12c4075ef93f025b3cf4c8962b9b7a5e52bb7039ab64cb7755930c",
                "sha256:4c6554073e3e554fbb3dff88376ada3da32ca789ea1b9e381f684d49ddb61199",
                "sha256:4dad9d68574e93e1e23be53b4ecfb0f083bd5cc08cc7f1984a4ee3ebf12aa446",
                "sha256:4e12a3c2d4781ee5d03f229c940934fa1e4ea4f4995e68ab97a2815b139e0804",
                "sha256:53c9eca0d6070a8a3de42182ad26daf90ba12132eb74a2f45702332762aff84e",
                "sha256:5910bb355f9517309f77101238dbacb7151ede3434a2f1fad26ecc62f13d8324",
                "sha256:5c77eab46f3a2b2cd8bbe06467df783543bf7396df431eb4a144cc4b89e9fb3c",
                "sha256:5d541bc430a74c787684d1ebcd205a5212a88c3de73848143e77489b2c25b911",
                "sha256:5e7c8f9f8824143c219dd93cdc733c20d2c12f154034c89bcb4911db8e45bd92",
                "sha256:5f14430535645712f546f1e07013507d1cc0c8abd851811dacce8c7fb584bf52",
                "sha256:6059ae91667932d256d9dc03abd3512ebcade322b3a42d1b8354bd1db7f66dcc",
                "sha256:61f6966371fa1cbf26c6209771a02bef80336cdaca0c0af4dfa33d51019c0b93",
                "sha256:62d56a9d3c1e5a83076db4da060dad7ea35ac2f3cbd3c53ba5a51fe0caedb500",
                "sha256:634f090a388351eadf1dcc1d168a190718fb68efb4b8fdc1b119cf837ca01905",
                "sha256:64ecfcc386420192fbe98fdde777d993f7f2dfec9552e4f4024d3447d3a3e637",
                "sha256:6af38997f178889d417851bae8fb5c00448f7405cfcab38734d771f1dd5d5973",
                "sha256:6b30c8d299ba48ee919064628fd8bc296bdc6e4827d315491bea39437130d3e1",
                "sha256:6f0c8807bac16984901c0573725bad786f2f004f9bd5df8476c6431097b6c5b3",
                "sha256:6f62c8a59f6b8e608880c61b138ae22668184bc266b025d33200dcf2cebe0872",
                "sha256:74d4aabd612d32282f3cb3ebb4436046fb840d25c754157a755bc9f66e7cd307",
                "sha256:7658d2dfc1dabfb008ffe12ae47b98559e2aedd8237bee12f5aafb74d90479e3",
                "sha256:777ceea2860a48e9e362a4e2a9a691782ea97bd05c24627c92e876fdd2c22e61",
                "sha256:79f34d5833cd0d53ecf48bc030e4da3216bd4846224d17eeb64509be5cb098fd",
                "sha256:7a52d547259495a53e61e37ffc6d5cecf8d298aeb1bc0d9b25289d65ddb31183",
                "sha256:840063aa8eeb1dda07d7d7dee15648838bffef1d415f5f79061854a182a429aa",
                "sha256:8e8ec94d1b1a0a297c2c69a0bf000baf9a79607ca0c084f577f811a9b447c319",
                "sha256:95fb62a3980cf43e76c2fe95edab06ec70dc495b8aa660975eb9f0b2ffdae1e1",
                "sha256:9668da78bcc219542467f51c2cd01894222be6aceec4b5efb806705900b794d8",
                "sha256:99a7c5786de9e92ff5ffee2e8bed745f5d25495206f3f14656c379031e518334",
                "sha256:a1e283ad918df44bad3ccf042c2fe283c63d17617570eb91b8c370ef677b0b83",
                "sha256:a25d251546acb5edb1635631c4ae0e330fa4ec7c6316c01d256728fbfb9bbff2",
                "sha256:abe1adb32e2535aaa171e8b2b2d3f083f863c9974a3e6e7dae6bf4827fc8b983",
                "sha256:ae85112da2d826b65aa7c7369c56ca41d9a89644312172979cbee5cf788e0b09",
                "sha256:b3379a83dc63fe06538c751961f9ed730b5d7f08f96a57bbad8d52db5820df1f",
                "sha256:b3c7c6c4aac19b964c1d12784aecae7f0315314640b0f41dd6f0d4e2bf439072",
                "sha256:b7ddecc80e87acf12c2cf12bf3721def47188c403f04e706f104b5e71fed2f31",
                "sha256:bbaf6785d3f1cd3e617b9d0fb3c5528023ef7bc7cc1356234801dc1941df8ce9",
                "sha256:be6f5b453f7ed2219a9555bb6840663950b9ab1dc034216f68eac64db66633c2",
                "sha256:c2b6404631b22617b5127c6de2355393ccda693ca733a098b6802e7dabb3457a",
                "sha256:c4f6609f6e867a58cdf173e1cbe1f3736d25962108bd5cb01ad5a130875ff2c8",
                "sha256:c76dd2c0615a28de21c97f9f6862e84faef58ff4d700196b4e395ef6a52291e4",
                "sha256:c78c72f7878071a78337510ec78ab856d60b4bdcd3a95fd68b939e7cb30434b3",
                "sha256:cb0c9a1476d279524538ba9a00ecec9eadcef31a6a60b2c8bd2f29f62044a559",
                "sha256:ccb986e80674c929f198464bce55e995178dea26833421e2479ff04a6956afac",
                "sha256:cfa62063c5eafb04e4435459ce15746b4ae6c14efeae8f16bd0e3d2895dad698",
                "sha256:d13bd83284b46c304eb10de93f8a3f2c80361f91f4e8a4e1273caf83e16c4409",
                "sha256:d76e585368388d99ddd2f95989e6ac80a8fe23115e93931faad99fa34550612f",
                "sha256:dc32029b9cc784a529f9201289d4f841cc24a2ae3126a112cd467bc41bbc2f10",
                "sha256:e0b55651db770b4b5a6c7d015f24d1a6ede307296bbdf0c47fc5f6a6adc7abee",
                "sha256:e37886929ee83a5fa5c73164abada00e7f3cc1cbf3f8f6e1e8cfecae9d6cfc47",
                "sha256:f7b88bc7306136b123fd1a9beed16ca02900ee31d1c36e73fa33d9e525a5562d",
                "sha256:fac611bde2609a46fcbd92da7171286faa2f5c191f84d22f61cd7dc27213f51d",
                "sha256:fafed60103132e74cdfbd651abe94801eb87a9765ce275b3dca9af8f3e06622a"
            ],
            "markers": "python_version >= '3.6'",
            "version": "==2022.8.17"
        },
        "torch": {
            "hashes": [
                "sha256:03e31c37711db2cd201e02de5826de875529e45a55631d317aadce2f1ed45aa8",
                "sha256:0b44601ec56f7dd44ad8afc00846051162ef9c26a8579dda0a02194327f2d55e",
                "sha256:42e115dab26f60c29e298559dbec88444175528b729ae994ec4c65d56fe267dd",
                "sha256:42f639501928caabb9d1d55ddd17f07cd694de146686c24489ab8c615c2871f2",
                "sha256:4e1b9c14cf13fd2ab8d769529050629a0e68a6fc5cb8e84b4a3cc1dd8c4fe541",
                "sha256:68104e4715a55c4bb29a85c6a8d57d820e0757da363be1ba680fa8cc5be17b52",
                "sha256:69fe2cae7c39ccadd65a123793d30e0db881f1c1927945519c5c17323131437e",
                "sha256:6cf6f54b43c0c30335428195589bd00e764a6d27f3b9ba637aaa8c11aaf93073",
                "sha256:743784ccea0dc8f2a3fe6a536bec8c4763bd82c1352f314937cb4008d4805de1",
                "sha256:8a34a2fbbaa07c921e1b203f59d3d6e00ed379f2b384445773bd14e328a5b6c8",
                "sha256:976c3f997cea38ee91a0dd3c3a42322785414748d1761ef926b789dfa97c6134",
                "sha256:9b356aea223772cd754edb4d9ecf2a025909b8615a7668ac7d5130f86e7ec421",
                "sha256:9c038662db894a23e49e385df13d47b2a777ffd56d9bcd5b832593fab0a7e286",
                "sha256:a8320ba9ad87e80ca5a6a016e46ada4d1ba0c54626e135d99b2129a4541c509d",
                "sha256:b5dbcca369800ce99ba7ae6dee3466607a66958afca3b740690d88168752abcf",
                "sha256:bfec2843daa654f04fda23ba823af03e7b6f7650a873cdb726752d0e3718dada",
                "sha256:cd26d8c5640c3a28c526d41ccdca14cf1cbca0d0f2e14e8263a7ac17194ab1d2",
                "sha256:e9c8f4a311ac29fc7e8e955cfb7733deb5dbe1bdaabf5d4af2765695824b7e0d",
                "sha256:f00c721f489089dc6364a01fd84906348fe02243d0af737f944fddb36003400d",
                "sha256:f3b52a634e62821e747e872084ab32fbcb01b7fa7dbb7471b6218279f02a178a"
            ],
            "index": "pypi",
            "version": "==1.12.1"
        },
        "tqdm": {
            "hashes": [
                "sha256:40be55d30e200777a307a7585aee69e4eabb46b4ec6a4b4a5f2d9f11e7d5408d",
                "sha256:74a2cdefe14d11442cedf3ba4e21a3b84ff9a2dbdc6cfae2c34addb2a14a5ea6"
            ],
            "markers": "python_version >= '2.7' and python_version not in '3.0, 3.1, 3.2, 3.3'",
            "version": "==4.64.0"
        },
        "typing-extensions": {
            "hashes": [
                "sha256:25642c956049920a5aa49edcdd6ab1e06d7e5d467fc00e0506c44ac86fbfca02",
                "sha256:e6d2677a32f47fc7eb2795db1dd15c1f34eff616bcaf2cfb5e997f854fa1c4a6"
            ],
            "markers": "python_version >= '3.7'",
            "version": "==4.3.0"
        }
    },
    "develop": {}
}
